{
    "name": "ags",
    "lockfileVersion": 3,
    "requires": true,
    "packages": {
        "": {
            "dependencies": {
                "@types/ini": "^4.1.1",
                "ags": "*",
                "ini": "^5.0.0"
            }
        },
        "../../../../../../usr/share/ags/js": {
            "name": "ags",
            "version": "3.0.0",
            "license": "LGPL-2.1",
            "os": [
                "linux"
            ],
            "devDependencies": {
                "@eslint/js": "latest",
                "eslint": "latest",
                "typescript": "latest",
                "typescript-eslint": "latest"
            },
            "engines": {
                "gjs": ">=1.79.0"
            },
            "funding": {
                "type": "kofi",
                "url": "https://ko-fi.com/aylur"
            }
        },
        "node_modules/@types/ini": {
            "version": "4.1.1",
            "resolved": "https://registry.npmjs.org/@types/ini/-/ini-4.1.1.tgz",
            "integrity": "sha512-MIyNUZipBTbyUNnhvuXJTY7B6qNI78meck9Jbv3wk0OgNwRyOOVEKDutAkOs1snB/tx0FafyR6/SN4Ps0hZPeg=="
        },
        "node_modules/ags": {
            "resolved": "../../../../../../usr/share/ags/js",
            "link": true
        },
        "node_modules/ini": {
            "version": "5.0.0",
            "resolved": "https://registry.npmjs.org/ini/-/ini-5.0.0.tgz",
            "integrity": "sha512-+N0ngpO3e7cRUWOJAS7qw0IZIVc6XPrW4MlFBdD066F2L4k1L6ker3hLqSq7iXxU5tgS4WGkIUElWn5vogAEnw==",
            "engines": {
                "node": "^18.17.0 || >=20.5.0"
            }
        }
    }
}
